// !$*UTF8*$!
{
	archiveVersion = 1;
	classes = {
	};
	objectVersion = 55;
	objects = {

/* Begin PBXBuildFile section */
		1AC6FB30180E99EB004C840B /* libcocos2d iOS.a in Frameworks */ = {isa = PBXBuildFile; fileRef = 1AC6FB07180E9839004C840B /* libcocos2d iOS.a */; };
		1D60589F0D05DD5A006BFB54 /* Foundation.framework in Frameworks */ = {isa = PBXBuildFile; fileRef = 1D30AB110D05D00D00671497 /* Foundation.framework */; };
		288765A50DF7441C002DB57D /* CoreGraphics.framework in Frameworks */ = {isa = PBXBuildFile; fileRef = 288765A40DF7441C002DB57D /* CoreGraphics.framework */; };
		3EACC98F19EE6D4300EB3C5E /* res in Resources */ = {isa = PBXBuildFile; fileRef = 3EACC98E19EE6D4300EB3C5E /* res */; };
		46880B8819C43A87006E1F66 /* AppDelegate.cpp in Sources */ = {isa = PBXBuildFile; fileRef = 46880B8419C43A87006E1F66 /* AppDelegate.cpp */; };
		503AE10017EB989F00D1A890 /* AppController.mm in Sources */ = {isa = PBXBuildFile; fileRef = 503AE0FB17EB989F00D1A890 /* AppController.mm */; };
		503AE10117EB989F00D1A890 /* main.m in Sources */ = {isa = PBXBuildFile; fileRef = 503AE0FC17EB989F00D1A890 /* main.m */; };
		503AE10217EB989F00D1A890 /* RootViewController.mm in Sources */ = {isa = PBXBuildFile; fileRef = 503AE0FF17EB989F00D1A890 /* RootViewController.mm */; };
		521A8EA919F11F5000D177D7 /* fonts in Resources */ = {isa = PBXBuildFile; fileRef = 521A8EA819F11F5000D177D7 /* fonts */; };
		861FD7B32966C33A00469147 /* AdmobManager.cpp in Sources */ = {isa = PBXBuildFile; fileRef = 861FD7B12966C33A00469147 /* AdmobManager.cpp */; };
		861FD7B62966C3B100469147 /* Images.xcassets in Resources */ = {isa = PBXBuildFile; fileRef = 861FD7B52966C3B100469147 /* Images.xcassets */; };
		86591A4B2966BB4B00BAAA70 /* MediaPlayer.framework in Frameworks */ = {isa = PBXBuildFile; fileRef = 86591A4A2966BB4B00BAAA70 /* MediaPlayer.framework */; };
		86591A4D2966BB8500BAAA70 /* GameController.framework in Frameworks */ = {isa = PBXBuildFile; fileRef = 86591A4C2966BB8500BAAA70 /* GameController.framework */; };
		86591A4F2966BBA400BAAA70 /* Security.framework in Frameworks */ = {isa = PBXBuildFile; fileRef = 86591A4E2966BBA400BAAA70 /* Security.framework */; };
		86591A522966BD6100BAAA70 /* libz.tbd in Frameworks */ = {isa = PBXBuildFile; fileRef = 86591A512966BD6100BAAA70 /* libz.tbd */; };
		86591A542966BD8F00BAAA70 /* OpenGLES.framework in Frameworks */ = {isa = PBXBuildFile; fileRef = 86591A532966BD8F00BAAA70 /* OpenGLES.framework */; };
		86591A562966BDA700BAAA70 /* CoreMotion.framework in Frameworks */ = {isa = PBXBuildFile; fileRef = 86591A552966BDA700BAAA70 /* CoreMotion.framework */; };
		86591A582966BDD100BAAA70 /* libiconv.tbd in Frameworks */ = {isa = PBXBuildFile; fileRef = 86591A572966BDD100BAAA70 /* libiconv.tbd */; };
		86591A5A2966BDFE00BAAA70 /* UIKit.framework in Frameworks */ = {isa = PBXBuildFile; fileRef = 86591A592966BDFE00BAAA70 /* UIKit.framework */; };
		86591A5E2966BE2D00BAAA70 /* CoreText.framework in Frameworks */ = {isa = PBXBuildFile; fileRef = 86591A5D2966BE2D00BAAA70 /* CoreText.framework */; };
		869E71E4296B51850058EAC3 /* RandomIndex.cpp in Sources */ = {isa = PBXBuildFile; fileRef = 869E71E3296B51850058EAC3 /* RandomIndex.cpp */; };
		BAB218281F192ABD0067DF4E /* background_progress_bar.png in Resources */ = {isa = PBXBuildFile; fileRef = BAB217FB1F192ABD0067DF4E /* background_progress_bar.png */; };
		BAB218291F192ABD0067DF4E /* shapeBackground.png in Resources */ = {isa = PBXBuildFile; fileRef = BAB217FC1F192ABD0067DF4E /* shapeBackground.png */; };
		BAB2182E1F192ABD0067DF4E /* badge.png in Resources */ = {isa = PBXBuildFile; fileRef = BAB218011F192ABD0067DF4E /* badge.png */; };
		BAB2182F1F192ABD0067DF4E /* bgGameScene.png in Resources */ = {isa = PBXBuildFile; fileRef = BAB218021F192ABD0067DF4E /* bgGameScene.png */; };
		BAB218311F192ABD0067DF4E /* backButton.png in Resources */ = {isa = PBXBuildFile; fileRef = BAB218041F192ABD0067DF4E /* backButton.png */; };
		BAB218321F192ABD0067DF4E /* pauseButton.png in Resources */ = {isa = PBXBuildFile; fileRef = BAB218051F192ABD0067DF4E /* pauseButton.png */; };
		BAB218331F192ABD0067DF4E /* refreshButton.png in Resources */ = {isa = PBXBuildFile; fileRef = BAB218061F192ABD0067DF4E /* refreshButton.png */; };
		BAB218341F192ABD0067DF4E /* suggestButton.png in Resources */ = {isa = PBXBuildFile; fileRef = BAB218071F192ABD0067DF4E /* suggestButton.png */; };
		BAB218361F192ABD0067DF4E /* progress_bar.png in Resources */ = {isa = PBXBuildFile; fileRef = BAB218091F192ABD0067DF4E /* progress_bar.png */; };
		BAB218371F192ABD0067DF4E /* sprite_frame_cache.plist in Resources */ = {isa = PBXBuildFile; fileRef = BAB2180A1F192ABD0067DF4E /* sprite_frame_cache.plist */; };
		BAB218381F192ABD0067DF4E /* sprite_frame_cache.png in Resources */ = {isa = PBXBuildFile; fileRef = BAB2180B1F192ABD0067DF4E /* sprite_frame_cache.png */; };
		BAB2183D1F192ABD0067DF4E /* startButton.png in Resources */ = {isa = PBXBuildFile; fileRef = BAB218111F192ABD0067DF4E /* startButton.png */; };
		BAB218411F192ABD0067DF4E /* noButton.png in Resources */ = {isa = PBXBuildFile; fileRef = BAB218161F192ABD0067DF4E /* noButton.png */; };
		BAB218421F192ABD0067DF4E /* gotoHomeButton.png in Resources */ = {isa = PBXBuildFile; fileRef = BAB218171F192ABD0067DF4E /* gotoHomeButton.png */; };
		BAB218431F192ABD0067DF4E /* nextLevelButton.png in Resources */ = {isa = PBXBuildFile; fileRef = BAB218181F192ABD0067DF4E /* nextLevelButton.png */; };
		BAB218441F192ABD0067DF4E /* yesButton.png in Resources */ = {isa = PBXBuildFile; fileRef = BAB218191F192ABD0067DF4E /* yesButton.png */; };
		BAB218451F192ABD0067DF4E /* replayButton.png in Resources */ = {isa = PBXBuildFile; fileRef = BAB2181A1F192ABD0067DF4E /* replayButton.png */; };
		BAB218461F192ABD0067DF4E /* playButton.png in Resources */ = {isa = PBXBuildFile; fileRef = BAB2181B1F192ABD0067DF4E /* playButton.png */; };
		BAB218471F192ABD0067DF4E /* backPopUp.png in Resources */ = {isa = PBXBuildFile; fileRef = BAB2181C1F192ABD0067DF4E /* backPopUp.png */; };
		BAB218481F192ABD0067DF4E /* gameOverPopUp.png in Resources */ = {isa = PBXBuildFile; fileRef = BAB2181D1F192ABD0067DF4E /* gameOverPopUp.png */; };
		BAB218491F192ABD0067DF4E /* pausePopUp.png in Resources */ = {isa = PBXBuildFile; fileRef = BAB2181E1F192ABD0067DF4E /* pausePopUp.png */; };
		BAB2184B1F192ABD0067DF4E /* winPopUp.png in Resources */ = {isa = PBXBuildFile; fileRef = BAB218201F192ABD0067DF4E /* winPopUp.png */; };
		BAB218741F192ACA0067DF4E /* CheckPairBot.cpp in Sources */ = {isa = PBXBuildFile; fileRef = BAB218551F192ACA0067DF4E /* CheckPairBot.cpp */; };
		BAB218761F192ACA0067DF4E /* AndroidScene.cpp in Sources */ = {isa = PBXBuildFile; fileRef = BAB218591F192ACA0067DF4E /* AndroidScene.cpp */; };
		BAB218771F192ACA0067DF4E /* BaseObject.cpp in Sources */ = {isa = PBXBuildFile; fileRef = BAB2185B1F192ACA0067DF4E /* BaseObject.cpp */; };
		BAB218781F192ACA0067DF4E /* ButtonCustom.cpp in Sources */ = {isa = PBXBuildFile; fileRef = BAB2185D1F192ACA0067DF4E /* ButtonCustom.cpp */; };
		BAB2187A1F192ACA0067DF4E /* DrawLine.cpp in Sources */ = {isa = PBXBuildFile; fileRef = BAB218611F192ACA0067DF4E /* DrawLine.cpp */; };
		BAB2187B1F192ACA0067DF4E /* GameBoard.cpp in Sources */ = {isa = PBXBuildFile; fileRef = BAB218631F192ACA0067DF4E /* GameBoard.cpp */; };
		BAB2187C1F192ACA0067DF4E /* GameScene.cpp in Sources */ = {isa = PBXBuildFile; fileRef = BAB218661F192ACA0067DF4E /* GameScene.cpp */; };
		BAB2187D1F192ACA0067DF4E /* HomeScene.cpp in Sources */ = {isa = PBXBuildFile; fileRef = BAB218681F192ACA0067DF4E /* HomeScene.cpp */; };
		BAB2187E1F192ACA0067DF4E /* MyLine.cpp in Sources */ = {isa = PBXBuildFile; fileRef = BAB2186A1F192ACA0067DF4E /* MyLine.cpp */; };
		BAB2187F1F192ACA0067DF4E /* MainObject.cpp in Sources */ = {isa = PBXBuildFile; fileRef = BAB2186C1F192ACA0067DF4E /* MainObject.cpp */; };
		BAB218801F192ACA0067DF4E /* PopupGame.cpp in Sources */ = {isa = PBXBuildFile; fileRef = BAB2186E1F192ACA0067DF4E /* PopupGame.cpp */; };
		BAB218811F192ACA0067DF4E /* ProgressBarCustom.cpp in Sources */ = {isa = PBXBuildFile; fileRef = BAB218701F192ACA0067DF4E /* ProgressBarCustom.cpp */; };
		BF1C47F01293687400B63C5D /* QuartzCore.framework in Frameworks */ = {isa = PBXBuildFile; fileRef = BF1C47EA1293683800B63C5D /* QuartzCore.framework */; };
		D44C620C132DFF330009C878 /* OpenAL.framework in Frameworks */ = {isa = PBXBuildFile; fileRef = D44C620B132DFF330009C878 /* OpenAL.framework */; };
		D44C620E132DFF430009C878 /* AVFoundation.framework in Frameworks */ = {isa = PBXBuildFile; fileRef = D44C620D132DFF430009C878 /* AVFoundation.framework */; };
		D44C6210132DFF4E0009C878 /* AudioToolbox.framework in Frameworks */ = {isa = PBXBuildFile; fileRef = D44C620F132DFF4E0009C878 /* AudioToolbox.framework */; };
/* End PBXBuildFile section */

/* Begin PBXContainerItemProxy section */
		1AC6FB06180E9839004C840B /* PBXContainerItemProxy */ = {
			isa = PBXContainerItemProxy;
			containerPortal = 1AC6FAE5180E9839004C840B /* cocos2d_libs.xcodeproj */;
			proxyType = 2;
			remoteGlobalIDString = A07A4D641783777C0073F6A7;
			remoteInfo = "cocos2dx iOS";
		};
		1AC6FB24180E99E1004C840B /* PBXContainerItemProxy */ = {
			isa = PBXContainerItemProxy;
			containerPortal = 1AC6FAE5180E9839004C840B /* cocos2d_libs.xcodeproj */;
			proxyType = 1;
			remoteGlobalIDString = A07A4C241783777C0073F6A7;
			remoteInfo = "cocos2dx iOS";
		};
/* End PBXContainerItemProxy section */

/* Begin PBXFileReference section */
		1AC6FAE5180E9839004C840B /* cocos2d_libs.xcodeproj */ = {isa = PBXFileReference; lastKnownFileType = "wrapper.pb-project"; name = cocos2d_libs.xcodeproj; path = ../cocos2d/build/cocos2d_libs.xcodeproj; sourceTree = "<group>"; };
		1ACB3243164770DE00914215 /* libcurl.a */ = {isa = PBXFileReference; lastKnownFileType = archive.ar; name = libcurl.a; path = ../../cocos2dx/platform/third_party/ios/libraries/libcurl.a; sourceTree = "<group>"; };
		1D30AB110D05D00D00671497 /* Foundation.framework */ = {isa = PBXFileReference; lastKnownFileType = wrapper.framework; name = Foundation.framework; path = System/Library/Frameworks/Foundation.framework; sourceTree = SDKROOT; };
		1D6058910D05DD3D006BFB54 /* MatchingMaster.app */ = {isa = PBXFileReference; explicitFileType = wrapper.application; includeInIndex = 0; path = MatchingMaster.app; sourceTree = BUILT_PRODUCTS_DIR; };
		1DF5F4DF0D08C38300B7A737 /* UIKit.framework */ = {isa = PBXFileReference; lastKnownFileType = wrapper.framework; name = UIKit.framework; path = System/Library/Frameworks/UIKit.framework; sourceTree = SDKROOT; };
		288765A40DF7441C002DB57D /* CoreGraphics.framework */ = {isa = PBXFileReference; lastKnownFileType = wrapper.framework; name = CoreGraphics.framework; path = System/Library/Frameworks/CoreGraphics.framework; sourceTree = SDKROOT; };
		294D0D631D0D56D500F7F5D4 /* CoreText.framework */ = {isa = PBXFileReference; lastKnownFileType = wrapper.framework; name = CoreText.framework; path = Platforms/iPhoneOS.platform/Developer/SDKs/iPhoneOS9.3.sdk/System/Library/Frameworks/CoreText.framework; sourceTree = DEVELOPER_DIR; };
		3EACC98E19EE6D4300EB3C5E /* res */ = {isa = PBXFileReference; lastKnownFileType = folder; path = res; sourceTree = "<group>"; };
		46880B8419C43A87006E1F66 /* AppDelegate.cpp */ = {isa = PBXFileReference; fileEncoding = 4; lastKnownFileType = sourcecode.cpp.cpp; path = AppDelegate.cpp; sourceTree = "<group>"; };
		46880B8519C43A87006E1F66 /* AppDelegate.h */ = {isa = PBXFileReference; fileEncoding = 4; lastKnownFileType = sourcecode.c.h; path = AppDelegate.h; sourceTree = "<group>"; };
		503AE0F617EB97AB00D1A890 /* Icon.icns */ = {isa = PBXFileReference; lastKnownFileType = image.icns; path = Icon.icns; sourceTree = "<group>"; };
		503AE0F717EB97AB00D1A890 /* Info.plist */ = {isa = PBXFileReference; fileEncoding = 4; lastKnownFileType = text.plist.xml; path = Info.plist; sourceTree = "<group>"; };
		503AE0FA17EB989F00D1A890 /* AppController.h */ = {isa = PBXFileReference; fileEncoding = 4; lastKnownFileType = sourcecode.c.h; name = AppController.h; path = ios/AppController.h; sourceTree = SOURCE_ROOT; };
		503AE0FB17EB989F00D1A890 /* AppController.mm */ = {isa = PBXFileReference; fileEncoding = 4; lastKnownFileType = sourcecode.cpp.objcpp; name = AppController.mm; path = ios/AppController.mm; sourceTree = SOURCE_ROOT; };
		503AE0FC17EB989F00D1A890 /* main.m */ = {isa = PBXFileReference; fileEncoding = 4; lastKnownFileType = sourcecode.c.objc; name = main.m; path = ios/main.m; sourceTree = SOURCE_ROOT; };
		503AE0FD17EB989F00D1A890 /* Prefix.pch */ = {isa = PBXFileReference; fileEncoding = 4; lastKnownFileType = sourcecode.c.h; name = Prefix.pch; path = ios/Prefix.pch; sourceTree = SOURCE_ROOT; };
		503AE0FE17EB989F00D1A890 /* RootViewController.h */ = {isa = PBXFileReference; fileEncoding = 4; lastKnownFileType = sourcecode.c.h; name = RootViewController.h; path = ios/RootViewController.h; sourceTree = SOURCE_ROOT; };
		503AE0FF17EB989F00D1A890 /* RootViewController.mm */ = {isa = PBXFileReference; fileEncoding = 4; lastKnownFileType = sourcecode.cpp.objcpp; name = RootViewController.mm; path = ios/RootViewController.mm; sourceTree = SOURCE_ROOT; };
		503AE10317EB98FF00D1A890 /* main.cpp */ = {isa = PBXFileReference; fileEncoding = 4; lastKnownFileType = sourcecode.cpp.cpp; name = main.cpp; path = mac/main.cpp; sourceTree = "<group>"; };
		503AE10417EB98FF00D1A890 /* Prefix.pch */ = {isa = PBXFileReference; fileEncoding = 4; lastKnownFileType = sourcecode.c.h; name = Prefix.pch; path = mac/Prefix.pch; sourceTree = "<group>"; };
		503AE11117EB99EE00D1A890 /* libcurl.dylib */ = {isa = PBXFileReference; lastKnownFileType = "compiled.mach-o.dylib"; name = libcurl.dylib; path = usr/lib/libcurl.dylib; sourceTree = SDKROOT; };
		503AE11A17EB9C5A00D1A890 /* IOKit.framework */ = {isa = PBXFileReference; lastKnownFileType = wrapper.framework; name = IOKit.framework; path = System/Library/Frameworks/IOKit.framework; sourceTree = SDKROOT; };
		5087E78817EB974C00C73F5D /* AppKit.framework */ = {isa = PBXFileReference; lastKnownFileType = wrapper.framework; name = AppKit.framework; path = System/Library/Frameworks/AppKit.framework; sourceTree = SDKROOT; };
		5087E78A17EB975400C73F5D /* OpenGL.framework */ = {isa = PBXFileReference; lastKnownFileType = wrapper.framework; name = OpenGL.framework; path = System/Library/Frameworks/OpenGL.framework; sourceTree = SDKROOT; };
		521A8EA819F11F5000D177D7 /* fonts */ = {isa = PBXFileReference; lastKnownFileType = folder; path = fonts; sourceTree = "<group>"; };
		52B47A461A53D09B004E4C60 /* Security.framework */ = {isa = PBXFileReference; lastKnownFileType = wrapper.framework; name = Security.framework; path = Platforms/iPhoneOS.platform/Developer/SDKs/iPhoneOS8.1.sdk/System/Library/Frameworks/Security.framework; sourceTree = DEVELOPER_DIR; };
		8262943D1AAF051F00CB7CF7 /* Security.framework */ = {isa = PBXFileReference; lastKnownFileType = wrapper.framework; name = Security.framework; path = System/Library/Frameworks/Security.framework; sourceTree = SDKROOT; };
		861FD7B12966C33A00469147 /* AdmobManager.cpp */ = {isa = PBXFileReference; lastKnownFileType = sourcecode.cpp.cpp; path = AdmobManager.cpp; sourceTree = "<group>"; };
		861FD7B22966C33A00469147 /* AdmobManager.h */ = {isa = PBXFileReference; lastKnownFileType = sourcecode.c.h; path = AdmobManager.h; sourceTree = "<group>"; };
		861FD7B52966C3B100469147 /* Images.xcassets */ = {isa = PBXFileReference; lastKnownFileType = folder.assetcatalog; name = Images.xcassets; path = MatchingMaster/Images.xcassets; sourceTree = SOURCE_ROOT; };
		86591A4A2966BB4B00BAAA70 /* MediaPlayer.framework */ = {isa = PBXFileReference; lastKnownFileType = wrapper.framework; name = MediaPlayer.framework; path = Platforms/iPhoneOS.platform/Developer/SDKs/iPhoneOS16.0.sdk/System/Library/Frameworks/MediaPlayer.framework; sourceTree = DEVELOPER_DIR; };
		86591A4C2966BB8500BAAA70 /* GameController.framework */ = {isa = PBXFileReference; lastKnownFileType = wrapper.framework; name = GameController.framework; path = Platforms/iPhoneOS.platform/Developer/SDKs/iPhoneOS16.0.sdk/System/Library/Frameworks/GameController.framework; sourceTree = DEVELOPER_DIR; };
		86591A4E2966BBA400BAAA70 /* Security.framework */ = {isa = PBXFileReference; lastKnownFileType = wrapper.framework; name = Security.framework; path = Platforms/iPhoneOS.platform/Developer/SDKs/iPhoneOS16.0.sdk/System/Library/Frameworks/Security.framework; sourceTree = DEVELOPER_DIR; };
		86591A512966BD6100BAAA70 /* libz.tbd */ = {isa = PBXFileReference; lastKnownFileType = "sourcecode.text-based-dylib-definition"; name = libz.tbd; path = Platforms/iPhoneOS.platform/Developer/SDKs/iPhoneOS16.0.sdk/usr/lib/libz.tbd; sourceTree = DEVELOPER_DIR; };
		86591A532966BD8F00BAAA70 /* OpenGLES.framework */ = {isa = PBXFileReference; lastKnownFileType = wrapper.framework; name = OpenGLES.framework; path = Platforms/iPhoneOS.platform/Developer/SDKs/iPhoneOS16.0.sdk/System/Library/Frameworks/OpenGLES.framework; sourceTree = DEVELOPER_DIR; };
		86591A552966BDA700BAAA70 /* CoreMotion.framework */ = {isa = PBXFileReference; lastKnownFileType = wrapper.framework; name = CoreMotion.framework; path = Platforms/iPhoneOS.platform/Developer/SDKs/iPhoneOS16.0.sdk/System/Library/Frameworks/CoreMotion.framework; sourceTree = DEVELOPER_DIR; };
		86591A572966BDD100BAAA70 /* libiconv.tbd */ = {isa = PBXFileReference; lastKnownFileType = "sourcecode.text-based-dylib-definition"; name = libiconv.tbd; path = Platforms/iPhoneOS.platform/Developer/SDKs/iPhoneOS16.0.sdk/usr/lib/libiconv.tbd; sourceTree = DEVELOPER_DIR; };
		86591A592966BDFE00BAAA70 /* UIKit.framework */ = {isa = PBXFileReference; lastKnownFileType = wrapper.framework; name = UIKit.framework; path = Platforms/iPhoneOS.platform/Developer/SDKs/iPhoneOS16.0.sdk/System/Library/Frameworks/UIKit.framework; sourceTree = DEVELOPER_DIR; };
		86591A5B2966BE1F00BAAA70 /* CoreTelephony.framework */ = {isa = PBXFileReference; lastKnownFileType = wrapper.framework; name = CoreTelephony.framework; path = Platforms/iPhoneOS.platform/Developer/SDKs/iPhoneOS16.0.sdk/System/Library/Frameworks/CoreTelephony.framework; sourceTree = DEVELOPER_DIR; };
		86591A5D2966BE2D00BAAA70 /* CoreText.framework */ = {isa = PBXFileReference; lastKnownFileType = wrapper.framework; name = CoreText.framework; path = Platforms/iPhoneOS.platform/Developer/SDKs/iPhoneOS16.0.sdk/System/Library/Frameworks/CoreText.framework; sourceTree = DEVELOPER_DIR; };
		867BDC0228BCDD42006C4950 /* UIKit.framework */ = {isa = PBXFileReference; lastKnownFileType = wrapper.framework; name = UIKit.framework; path = Platforms/iPhoneOS.platform/Developer/SDKs/iPhoneOS15.0.sdk/System/Library/Frameworks/UIKit.framework; sourceTree = DEVELOPER_DIR; };
		867BDC0428BCDD4D006C4950 /* OpenGLES.framework */ = {isa = PBXFileReference; lastKnownFileType = wrapper.framework; name = OpenGLES.framework; path = Platforms/iPhoneOS.platform/Developer/SDKs/iPhoneOS15.0.sdk/System/Library/Frameworks/OpenGLES.framework; sourceTree = DEVELOPER_DIR; };
		867BDC0628BCDE51006C4950 /* SystemConfiguration.framework */ = {isa = PBXFileReference; lastKnownFileType = wrapper.framework; name = SystemConfiguration.framework; path = Platforms/iPhoneOS.platform/Developer/SDKs/iPhoneOS15.0.sdk/System/Library/Frameworks/SystemConfiguration.framework; sourceTree = DEVELOPER_DIR; };
		867BDC0828BCE016006C4950 /* CoreText.framework */ = {isa = PBXFileReference; lastKnownFileType = wrapper.framework; name = CoreText.framework; path = Platforms/iPhoneOS.platform/Developer/SDKs/iPhoneOS15.0.sdk/System/Library/Frameworks/CoreText.framework; sourceTree = DEVELOPER_DIR; };
		867BDC0A28BCE026006C4950 /* CoreMotion.framework */ = {isa = PBXFileReference; lastKnownFileType = wrapper.framework; name = CoreMotion.framework; path = Platforms/iPhoneOS.platform/Developer/SDKs/iPhoneOS15.0.sdk/System/Library/Frameworks/CoreMotion.framework; sourceTree = DEVELOPER_DIR; };
		867BDC0C28BCE04A006C4950 /* libz.tbd */ = {isa = PBXFileReference; lastKnownFileType = "sourcecode.text-based-dylib-definition"; name = libz.tbd; path = Platforms/iPhoneOS.platform/Developer/SDKs/iPhoneOS15.0.sdk/usr/lib/libz.tbd; sourceTree = DEVELOPER_DIR; };
		867BDC0E28BCE06F006C4950 /* libiconv.tbd */ = {isa = PBXFileReference; lastKnownFileType = "sourcecode.text-based-dylib-definition"; name = libiconv.tbd; path = Platforms/iPhoneOS.platform/Developer/SDKs/iPhoneOS15.0.sdk/usr/lib/libiconv.tbd; sourceTree = DEVELOPER_DIR; };
		869E71E2296B51850058EAC3 /* RandomIndex.h */ = {isa = PBXFileReference; fileEncoding = 4; lastKnownFileType = sourcecode.c.h; path = RandomIndex.h; sourceTree = "<group>"; };
		869E71E3296B51850058EAC3 /* RandomIndex.cpp */ = {isa = PBXFileReference; fileEncoding = 4; lastKnownFileType = sourcecode.cpp.cpp; path = RandomIndex.cpp; sourceTree = "<group>"; };
		86C30186296597BB00FDFEE0 /* Info.plist */ = {isa = PBXFileReference; lastKnownFileType = text.plist; name = Info.plist; path = ios/Info.plist; sourceTree = SOURCE_ROOT; };
		86C301892965BFA800FDFEE0 /* HomeScene.h */ = {isa = PBXFileReference; fileEncoding = 4; lastKnownFileType = sourcecode.c.h; path = HomeScene.h; sourceTree = "<group>"; };
		BAB217FB1F192ABD0067DF4E /* background_progress_bar.png */ = {isa = PBXFileReference; lastKnownFileType = image.png; path = background_progress_bar.png; sourceTree = "<group>"; };
		BAB217FC1F192ABD0067DF4E /* shapeBackground.png */ = {isa = PBXFileReference; lastKnownFileType = image.png; path = shapeBackground.png; sourceTree = "<group>"; };
		BAB218011F192ABD0067DF4E /* badge.png */ = {isa = PBXFileReference; lastKnownFileType = image.png; path = badge.png; sourceTree = "<group>"; };
		BAB218021F192ABD0067DF4E /* bgGameScene.png */ = {isa = PBXFileReference; lastKnownFileType = image.png; path = bgGameScene.png; sourceTree = "<group>"; };
		BAB218041F192ABD0067DF4E /* backButton.png */ = {isa = PBXFileReference; lastKnownFileType = image.png; path = backButton.png; sourceTree = "<group>"; };
		BAB218051F192ABD0067DF4E /* pauseButton.png */ = {isa = PBXFileReference; lastKnownFileType = image.png; path = pauseButton.png; sourceTree = "<group>"; };
		BAB218061F192ABD0067DF4E /* refreshButton.png */ = {isa = PBXFileReference; lastKnownFileType = image.png; path = refreshButton.png; sourceTree = "<group>"; };
		BAB218071F192ABD0067DF4E /* suggestButton.png */ = {isa = PBXFileReference; lastKnownFileType = image.png; path = suggestButton.png; sourceTree = "<group>"; };
		BAB218091F192ABD0067DF4E /* progress_bar.png */ = {isa = PBXFileReference; lastKnownFileType = image.png; path = progress_bar.png; sourceTree = "<group>"; };
		BAB2180A1F192ABD0067DF4E /* sprite_frame_cache.plist */ = {isa = PBXFileReference; fileEncoding = 4; lastKnownFileType = text.plist.xml; path = sprite_frame_cache.plist; sourceTree = "<group>"; };
		BAB2180B1F192ABD0067DF4E /* sprite_frame_cache.png */ = {isa = PBXFileReference; lastKnownFileType = image.png; path = sprite_frame_cache.png; sourceTree = "<group>"; };
		BAB218111F192ABD0067DF4E /* startButton.png */ = {isa = PBXFileReference; lastKnownFileType = image.png; path = startButton.png; sourceTree = "<group>"; };
		BAB218161F192ABD0067DF4E /* noButton.png */ = {isa = PBXFileReference; lastKnownFileType = image.png; path = noButton.png; sourceTree = "<group>"; };
		BAB218171F192ABD0067DF4E /* gotoHomeButton.png */ = {isa = PBXFileReference; lastKnownFileType = image.png; path = gotoHomeButton.png; sourceTree = "<group>"; };
		BAB218181F192ABD0067DF4E /* nextLevelButton.png */ = {isa = PBXFileReference; lastKnownFileType = image.png; path = nextLevelButton.png; sourceTree = "<group>"; };
		BAB218191F192ABD0067DF4E /* yesButton.png */ = {isa = PBXFileReference; lastKnownFileType = image.png; path = yesButton.png; sourceTree = "<group>"; };
		BAB2181A1F192ABD0067DF4E /* replayButton.png */ = {isa = PBXFileReference; lastKnownFileType = image.png; path = replayButton.png; sourceTree = "<group>"; };
		BAB2181B1F192ABD0067DF4E /* playButton.png */ = {isa = PBXFileReference; lastKnownFileType = image.png; path = playButton.png; sourceTree = "<group>"; };
		BAB2181C1F192ABD0067DF4E /* backPopUp.png */ = {isa = PBXFileReference; lastKnownFileType = image.png; path = backPopUp.png; sourceTree = "<group>"; };
		BAB2181D1F192ABD0067DF4E /* gameOverPopUp.png */ = {isa = PBXFileReference; lastKnownFileType = image.png; path = gameOverPopUp.png; sourceTree = "<group>"; };
		BAB2181E1F192ABD0067DF4E /* pausePopUp.png */ = {isa = PBXFileReference; lastKnownFileType = image.png; path = pausePopUp.png; sourceTree = "<group>"; };
		BAB218201F192ABD0067DF4E /* winPopUp.png */ = {isa = PBXFileReference; lastKnownFileType = image.png; path = winPopUp.png; sourceTree = "<group>"; };
		BAB218551F192ACA0067DF4E /* CheckPairBot.cpp */ = {isa = PBXFileReference; fileEncoding = 4; lastKnownFileType = sourcecode.cpp.cpp; path = CheckPairBot.cpp; sourceTree = "<group>"; };
		BAB218561F192ACA0067DF4E /* CheckPairBot.h */ = {isa = PBXFileReference; fileEncoding = 4; lastKnownFileType = sourcecode.c.h; path = CheckPairBot.h; sourceTree = "<group>"; };
		BAB218591F192ACA0067DF4E /* AndroidScene.cpp */ = {isa = PBXFileReference; fileEncoding = 4; lastKnownFileType = sourcecode.cpp.cpp; path = AndroidScene.cpp; sourceTree = "<group>"; };
		BAB2185A1F192ACA0067DF4E /* AndroidScene.h */ = {isa = PBXFileReference; fileEncoding = 4; lastKnownFileType = sourcecode.c.h; path = AndroidScene.h; sourceTree = "<group>"; };
		BAB2185B1F192ACA0067DF4E /* BaseObject.cpp */ = {isa = PBXFileReference; fileEncoding = 4; lastKnownFileType = sourcecode.cpp.cpp; path = BaseObject.cpp; sourceTree = "<group>"; };
		BAB2185C1F192ACA0067DF4E /* BaseObject.h */ = {isa = PBXFileReference; fileEncoding = 4; lastKnownFileType = sourcecode.c.h; path = BaseObject.h; sourceTree = "<group>"; };
		BAB2185D1F192ACA0067DF4E /* ButtonCustom.cpp */ = {isa = PBXFileReference; fileEncoding = 4; lastKnownFileType = sourcecode.cpp.cpp; path = ButtonCustom.cpp; sourceTree = "<group>"; };
		BAB2185E1F192ACA0067DF4E /* ButtonCustom.h */ = {isa = PBXFileReference; fileEncoding = 4; lastKnownFileType = sourcecode.c.h; path = ButtonCustom.h; sourceTree = "<group>"; };
		BAB218611F192ACA0067DF4E /* DrawLine.cpp */ = {isa = PBXFileReference; fileEncoding = 4; lastKnownFileType = sourcecode.cpp.cpp; path = DrawLine.cpp; sourceTree = "<group>"; };
		BAB218621F192ACA0067DF4E /* DrawLine.h */ = {isa = PBXFileReference; fileEncoding = 4; lastKnownFileType = sourcecode.c.h; path = DrawLine.h; sourceTree = "<group>"; };
		BAB218631F192ACA0067DF4E /* GameBoard.cpp */ = {isa = PBXFileReference; fileEncoding = 4; lastKnownFileType = sourcecode.cpp.cpp; path = GameBoard.cpp; sourceTree = "<group>"; };
		BAB218641F192ACA0067DF4E /* GameBoard.h */ = {isa = PBXFileReference; fileEncoding = 4; lastKnownFileType = sourcecode.c.h; path = GameBoard.h; sourceTree = "<group>"; };
		BAB218651F192ACA0067DF4E /* GameDefine.h */ = {isa = PBXFileReference; fileEncoding = 4; lastKnownFileType = sourcecode.c.h; path = GameDefine.h; sourceTree = "<group>"; };
		BAB218661F192ACA0067DF4E /* GameScene.cpp */ = {isa = PBXFileReference; fileEncoding = 4; lastKnownFileType = sourcecode.cpp.cpp; path = GameScene.cpp; sourceTree = "<group>"; };
		BAB218671F192ACA0067DF4E /* GameScene.h */ = {isa = PBXFileReference; fileEncoding = 4; lastKnownFileType = sourcecode.c.h; path = GameScene.h; sourceTree = "<group>"; };
		BAB218681F192ACA0067DF4E /* HomeScene.cpp */ = {isa = PBXFileReference; fileEncoding = 4; lastKnownFileType = sourcecode.cpp.cpp; path = HomeScene.cpp; sourceTree = "<group>"; };
		BAB2186A1F192ACA0067DF4E /* MyLine.cpp */ = {isa = PBXFileReference; fileEncoding = 4; lastKnownFileType = sourcecode.cpp.cpp; path = MyLine.cpp; sourceTree = "<group>"; };
		BAB2186B1F192ACA0067DF4E /* MyLine.h */ = {isa = PBXFileReference; fileEncoding = 4; lastKnownFileType = sourcecode.c.h; path = MyLine.h; sourceTree = "<group>"; };
		BAB2186C1F192ACA0067DF4E /* MainObject.cpp */ = {isa = PBXFileReference; fileEncoding = 4; lastKnownFileType = sourcecode.cpp.cpp; path = MainObject.cpp; sourceTree = "<group>"; };
		BAB2186D1F192ACA0067DF4E /* MainObject.h */ = {isa = PBXFileReference; fileEncoding = 4; lastKnownFileType = sourcecode.c.h; path = MainObject.h; sourceTree = "<group>"; };
		BAB2186E1F192ACA0067DF4E /* PopupGame.cpp */ = {isa = PBXFileReference; fileEncoding = 4; lastKnownFileType = sourcecode.cpp.cpp; path = PopupGame.cpp; sourceTree = "<group>"; };
		BAB2186F1F192ACA0067DF4E /* PopupGame.h */ = {isa = PBXFileReference; fileEncoding = 4; lastKnownFileType = sourcecode.c.h; path = PopupGame.h; sourceTree = "<group>"; };
		BAB218701F192ACA0067DF4E /* ProgressBarCustom.cpp */ = {isa = PBXFileReference; fileEncoding = 4; lastKnownFileType = sourcecode.cpp.cpp; path = ProgressBarCustom.cpp; sourceTree = "<group>"; };
		BAB218711F192ACA0067DF4E /* ProgressBarCustom.h */ = {isa = PBXFileReference; fileEncoding = 4; lastKnownFileType = sourcecode.c.h; path = ProgressBarCustom.h; sourceTree = "<group>"; };
		BF170DB012928DE900B8313A /* OpenGLES.framework */ = {isa = PBXFileReference; lastKnownFileType = wrapper.framework; name = OpenGLES.framework; path = System/Library/Frameworks/OpenGLES.framework; sourceTree = SDKROOT; };
		BF170DB412928DE900B8313A /* libz.dylib */ = {isa = PBXFileReference; lastKnownFileType = "compiled.mach-o.dylib"; name = libz.dylib; path = usr/lib/libz.dylib; sourceTree = SDKROOT; };
		BF1C47EA1293683800B63C5D /* QuartzCore.framework */ = {isa = PBXFileReference; lastKnownFileType = wrapper.framework; name = QuartzCore.framework; path = System/Library/Frameworks/QuartzCore.framework; sourceTree = SDKROOT; };
		D44C620B132DFF330009C878 /* OpenAL.framework */ = {isa = PBXFileReference; lastKnownFileType = wrapper.framework; name = OpenAL.framework; path = System/Library/Frameworks/OpenAL.framework; sourceTree = SDKROOT; };
		D44C620D132DFF430009C878 /* AVFoundation.framework */ = {isa = PBXFileReference; lastKnownFileType = wrapper.framework; name = AVFoundation.framework; path = System/Library/Frameworks/AVFoundation.framework; sourceTree = SDKROOT; };
		D44C620F132DFF4E0009C878 /* AudioToolbox.framework */ = {isa = PBXFileReference; lastKnownFileType = wrapper.framework; name = AudioToolbox.framework; path = System/Library/Frameworks/AudioToolbox.framework; sourceTree = SDKROOT; };
		D6B0611A1803AB670077942B /* CoreMotion.framework */ = {isa = PBXFileReference; lastKnownFileType = wrapper.framework; name = CoreMotion.framework; path = Platforms/iPhoneOS.platform/Developer/SDKs/iPhoneOS7.0.sdk/System/Library/Frameworks/CoreMotion.framework; sourceTree = DEVELOPER_DIR; };
		ED545A7B1B68A1F400C3958E /* libiconv.dylib */ = {isa = PBXFileReference; lastKnownFileType = "compiled.mach-o.dylib"; name = libiconv.dylib; path = Platforms/iPhoneOS.platform/Developer/SDKs/iPhoneOS8.4.sdk/usr/lib/libiconv.dylib; sourceTree = DEVELOPER_DIR; };
		ED545A7D1B68A1FA00C3958E /* libiconv.dylib */ = {isa = PBXFileReference; lastKnownFileType = "compiled.mach-o.dylib"; name = libiconv.dylib; path = usr/lib/libiconv.dylib; sourceTree = SDKROOT; };
/* End PBXFileReference section */

/* Begin PBXFrameworksBuildPhase section */
		1D60588F0D05DD3D006BFB54 /* Frameworks */ = {
			isa = PBXFrameworksBuildPhase;
			buildActionMask = 2147483647;
			files = (
				86591A5E2966BE2D00BAAA70 /* CoreText.framework in Frameworks */,
				86591A5A2966BDFE00BAAA70 /* UIKit.framework in Frameworks */,
				86591A582966BDD100BAAA70 /* libiconv.tbd in Frameworks */,
				86591A562966BDA700BAAA70 /* CoreMotion.framework in Frameworks */,
				86591A542966BD8F00BAAA70 /* OpenGLES.framework in Frameworks */,
				86591A522966BD6100BAAA70 /* libz.tbd in Frameworks */,
				86591A4F2966BBA400BAAA70 /* Security.framework in Frameworks */,
				86591A4D2966BB8500BAAA70 /* GameController.framework in Frameworks */,
				86591A4B2966BB4B00BAAA70 /* MediaPlayer.framework in Frameworks */,
				1AC6FB30180E99EB004C840B /* libcocos2d iOS.a in Frameworks */,
				1D60589F0D05DD5A006BFB54 /* Foundation.framework in Frameworks */,
				288765A50DF7441C002DB57D /* CoreGraphics.framework in Frameworks */,
				BF1C47F01293687400B63C5D /* QuartzCore.framework in Frameworks */,
				D44C620C132DFF330009C878 /* OpenAL.framework in Frameworks */,
				D44C620E132DFF430009C878 /* AVFoundation.framework in Frameworks */,
				D44C6210132DFF4E0009C878 /* AudioToolbox.framework in Frameworks */,
			);
			runOnlyForDeploymentPostprocessing = 0;
		};
/* End PBXFrameworksBuildPhase section */

/* Begin PBXGroup section */
		080E96DDFE201D6D7F000001 /* ios */ = {
			isa = PBXGroup;
			children = (
				861FD7B52966C3B100469147 /* Images.xcassets */,
				86C30186296597BB00FDFEE0 /* Info.plist */,
				503AE0FA17EB989F00D1A890 /* AppController.h */,
				503AE0FB17EB989F00D1A890 /* AppController.mm */,
				503AE0FC17EB989F00D1A890 /* main.m */,
				503AE0FD17EB989F00D1A890 /* Prefix.pch */,
				503AE0FE17EB989F00D1A890 /* RootViewController.h */,
				503AE0FF17EB989F00D1A890 /* RootViewController.mm */,
			);
			name = ios;
			path = Classes;
			sourceTree = "<group>";
		};
		19C28FACFE9D520D11CA2CBB /* Products */ = {
			isa = PBXGroup;
			children = (
				1D6058910D05DD3D006BFB54 /* MatchingMaster.app */,
			);
			name = Products;
			sourceTree = "<group>";
		};
		1AC6FAE6180E9839004C840B /* Products */ = {
			isa = PBXGroup;
			children = (
				1AC6FB07180E9839004C840B /* libcocos2d iOS.a */,
			);
			name = Products;
			sourceTree = "<group>";
		};
		29B97314FDCFA39411CA2CEA /* CustomTemplate */ = {
			isa = PBXGroup;
			children = (
				46880B8319C43A87006E1F66 /* Classes */,
				46880B7519C43A67006E1F66 /* Resources */,
				1AC6FAE5180E9839004C840B /* cocos2d_libs.xcodeproj */,
				29B97323FDCFA39411CA2CEA /* Frameworks */,
				080E96DDFE201D6D7F000001 /* ios */,
				503AE10617EB990700D1A890 /* mac */,
				19C28FACFE9D520D11CA2CBB /* Products */,
			);
			name = CustomTemplate;
			sourceTree = "<group>";
		};
		29B97323FDCFA39411CA2CEA /* Frameworks */ = {
			isa = PBXGroup;
			children = (
				86591A5D2966BE2D00BAAA70 /* CoreText.framework */,
				86591A5B2966BE1F00BAAA70 /* CoreTelephony.framework */,
				86591A592966BDFE00BAAA70 /* UIKit.framework */,
				86591A572966BDD100BAAA70 /* libiconv.tbd */,
				86591A552966BDA700BAAA70 /* CoreMotion.framework */,
				86591A532966BD8F00BAAA70 /* OpenGLES.framework */,
				86591A512966BD6100BAAA70 /* libz.tbd */,
				86591A4E2966BBA400BAAA70 /* Security.framework */,
				86591A4C2966BB8500BAAA70 /* GameController.framework */,
				86591A4A2966BB4B00BAAA70 /* MediaPlayer.framework */,
				867BDC0E28BCE06F006C4950 /* libiconv.tbd */,
				867BDC0C28BCE04A006C4950 /* libz.tbd */,
				867BDC0A28BCE026006C4950 /* CoreMotion.framework */,
				867BDC0828BCE016006C4950 /* CoreText.framework */,
				867BDC0628BCDE51006C4950 /* SystemConfiguration.framework */,
				867BDC0428BCDD4D006C4950 /* OpenGLES.framework */,
				867BDC0228BCDD42006C4950 /* UIKit.framework */,
				294D0D631D0D56D500F7F5D4 /* CoreText.framework */,
				ED545A7D1B68A1FA00C3958E /* libiconv.dylib */,
				ED545A7B1B68A1F400C3958E /* libiconv.dylib */,
				8262943D1AAF051F00CB7CF7 /* Security.framework */,
				52B47A461A53D09B004E4C60 /* Security.framework */,
				D6B0611A1803AB670077942B /* CoreMotion.framework */,
				503AE11A17EB9C5A00D1A890 /* IOKit.framework */,
				503AE11117EB99EE00D1A890 /* libcurl.dylib */,
				5087E78A17EB975400C73F5D /* OpenGL.framework */,
				5087E78817EB974C00C73F5D /* AppKit.framework */,
				1ACB3243164770DE00914215 /* libcurl.a */,
				BF170DB412928DE900B8313A /* libz.dylib */,
				D44C620F132DFF4E0009C878 /* AudioToolbox.framework */,
				D44C620D132DFF430009C878 /* AVFoundation.framework */,
				288765A40DF7441C002DB57D /* CoreGraphics.framework */,
				1D30AB110D05D00D00671497 /* Foundation.framework */,
				D44C620B132DFF330009C878 /* OpenAL.framework */,
				BF170DB012928DE900B8313A /* OpenGLES.framework */,
				BF1C47EA1293683800B63C5D /* QuartzCore.framework */,
				1DF5F4DF0D08C38300B7A737 /* UIKit.framework */,
			);
			name = Frameworks;
			sourceTree = "<group>";
		};
		46880B7519C43A67006E1F66 /* Resources */ = {
			isa = PBXGroup;
			children = (
				BAB217FA1F192ABD0067DF4E /* imagegameScene */,
				BAB218151F192ABD0067DF4E /* popup */,
				521A8EA819F11F5000D177D7 /* fonts */,
				3EACC98E19EE6D4300EB3C5E /* res */,
			);
			name = Resources;
			path = ../Resources;
			sourceTree = "<group>";
		};
		46880B8319C43A87006E1F66 /* Classes */ = {
			isa = PBXGroup;
			children = (
				46880B8519C43A87006E1F66 /* AppDelegate.h */,
				46880B8419C43A87006E1F66 /* AppDelegate.cpp */,
				BAB218651F192ACA0067DF4E /* GameDefine.h */,
				861FD7B22966C33A00469147 /* AdmobManager.h */,
				861FD7B12966C33A00469147 /* AdmobManager.cpp */,
				BA2C6C081F1A27CF00735315 /* UICustom */,
				BA2C6C071F1A27BC00735315 /* Object */,
				BA2C6C061F1A27A000735315 /* Scene */,
				BA2C6C051F1A279400735315 /* Bots */,
			);
			name = Classes;
			path = ../Classes;
			sourceTree = "<group>";
		};
		503AE0F517EB97AB00D1A890 /* Icons */ = {
			isa = PBXGroup;
			children = (
				503AE0F617EB97AB00D1A890 /* Icon.icns */,
				503AE0F717EB97AB00D1A890 /* Info.plist */,
			);
			name = Icons;
			path = mac;
			sourceTree = SOURCE_ROOT;
		};
		503AE10617EB990700D1A890 /* mac */ = {
			isa = PBXGroup;
			children = (
				503AE0F517EB97AB00D1A890 /* Icons */,
				503AE10317EB98FF00D1A890 /* main.cpp */,
				503AE10417EB98FF00D1A890 /* Prefix.pch */,
			);
			name = mac;
			sourceTree = "<group>";
		};
		BA2C6C051F1A279400735315 /* Bots */ = {
			isa = PBXGroup;
			children = (
				869E71E2296B51850058EAC3 /* RandomIndex.h */,
				869E71E3296B51850058EAC3 /* RandomIndex.cpp */,
				BAB218561F192ACA0067DF4E /* CheckPairBot.h */,
				BAB218551F192ACA0067DF4E /* CheckPairBot.cpp */,
			);
			name = Bots;
			sourceTree = "<group>";
		};
		BA2C6C061F1A27A000735315 /* Scene */ = {
			isa = PBXGroup;
			children = (
				BAB2185A1F192ACA0067DF4E /* AndroidScene.h */,
				BAB218591F192ACA0067DF4E /* AndroidScene.cpp */,
				86C301892965BFA800FDFEE0 /* HomeScene.h */,
				BAB218681F192ACA0067DF4E /* HomeScene.cpp */,
				BAB218671F192ACA0067DF4E /* GameScene.h */,
				BAB218661F192ACA0067DF4E /* GameScene.cpp */,
			);
			name = Scene;
			sourceTree = "<group>";
		};
		BA2C6C071F1A27BC00735315 /* Object */ = {
			isa = PBXGroup;
			children = (
				BAB218641F192ACA0067DF4E /* GameBoard.h */,
				BAB218631F192ACA0067DF4E /* GameBoard.cpp */,
				BAB2185C1F192ACA0067DF4E /* BaseObject.h */,
				BAB2185B1F192ACA0067DF4E /* BaseObject.cpp */,
				BAB2186D1F192ACA0067DF4E /* MainObject.h */,
				BAB2186C1F192ACA0067DF4E /* MainObject.cpp */,
				BAB2186B1F192ACA0067DF4E /* MyLine.h */,
				BAB2186A1F192ACA0067DF4E /* MyLine.cpp */,
			);
			name = Object;
			sourceTree = "<group>";
		};
		BA2C6C081F1A27CF00735315 /* UICustom */ = {
			isa = PBXGroup;
			children = (
				BAB218711F192ACA0067DF4E /* ProgressBarCustom.h */,
				BAB218701F192ACA0067DF4E /* ProgressBarCustom.cpp */,
				BAB2186F1F192ACA0067DF4E /* PopupGame.h */,
				BAB2186E1F192ACA0067DF4E /* PopupGame.cpp */,
				BAB2185E1F192ACA0067DF4E /* ButtonCustom.h */,
				BAB2185D1F192ACA0067DF4E /* ButtonCustom.cpp */,
				BAB218621F192ACA0067DF4E /* DrawLine.h */,
				BAB218611F192ACA0067DF4E /* DrawLine.cpp */,
			);
			name = UICustom;
			sourceTree = "<group>";
		};
		BAB217FA1F192ABD0067DF4E /* imagegameScene */ = {
			isa = PBXGroup;
			children = (
				BAB218111F192ABD0067DF4E /* startButton.png */,
				BAB217FC1F192ABD0067DF4E /* shapeBackground.png */,
				BAB218011F192ABD0067DF4E /* badge.png */,
				BAB218021F192ABD0067DF4E /* bgGameScene.png */,
				BAB218041F192ABD0067DF4E /* backButton.png */,
				BAB218051F192ABD0067DF4E /* pauseButton.png */,
				BAB218061F192ABD0067DF4E /* refreshButton.png */,
				BAB218071F192ABD0067DF4E /* suggestButton.png */,
				BAB218091F192ABD0067DF4E /* progress_bar.png */,
				BAB217FB1F192ABD0067DF4E /* background_progress_bar.png */,
				BAB2180A1F192ABD0067DF4E /* sprite_frame_cache.plist */,
				BAB2180B1F192ABD0067DF4E /* sprite_frame_cache.png */,
			);
			path = imagegameScene;
			sourceTree = "<group>";
		};
		BAB218151F192ABD0067DF4E /* popup */ = {
			isa = PBXGroup;
			children = (
				BAB218161F192ABD0067DF4E /* noButton.png */,
				BAB218171F192ABD0067DF4E /* gotoHomeButton.png */,
				BAB218181F192ABD0067DF4E /* nextLevelButton.png */,
				BAB218191F192ABD0067DF4E /* yesButton.png */,
				BAB2181A1F192ABD0067DF4E /* replayButton.png */,
				BAB2181B1F192ABD0067DF4E /* playButton.png */,
				BAB2181C1F192ABD0067DF4E /* backPopUp.png */,
				BAB2181D1F192ABD0067DF4E /* gameOverPopUp.png */,
				BAB2181E1F192ABD0067DF4E /* pausePopUp.png */,
				BAB218201F192ABD0067DF4E /* winPopUp.png */,
			);
			path = popup;
			sourceTree = "<group>";
		};
/* End PBXGroup section */

/* Begin PBXNativeTarget section */
		1D6058900D05DD3D006BFB54 /* MatchingMaster */ = {
			isa = PBXNativeTarget;
			buildConfigurationList = 1D6058960D05DD3E006BFB54 /* Build configuration list for PBXNativeTarget "MatchingMaster" */;
			buildPhases = (
				1D60588D0D05DD3D006BFB54 /* Resources */,
				1D60588E0D05DD3D006BFB54 /* Sources */,
				1D60588F0D05DD3D006BFB54 /* Frameworks */,
			);
			buildRules = (
			);
			dependencies = (
				1AC6FB25180E99E1004C840B /* PBXTargetDependency */,
			);
			name = MatchingMaster;
			productName = iphone;
			productReference = 1D6058910D05DD3D006BFB54 /* MatchingMaster.app */;
			productType = "com.apple.product-type.application";
		};
/* End PBXNativeTarget section */

/* Begin PBXProject section */
		29B97313FDCFA39411CA2CEA /* Project object */ = {
			isa = PBXProject;
			attributes = {
				LastUpgradeCheck = 1400;
			};
			buildConfigurationList = C01FCF4E08A954540054247B /* Build configuration list for PBXProject "MatchingMaster" */;
			compatibilityVersion = "Xcode 13.0";
			developmentRegion = en;
			hasScannedForEncodings = 1;
			knownRegions = (
				en,
				de,
				fr,
				ja,
				Base,
			);
			mainGroup = 29B97314FDCFA39411CA2CEA /* CustomTemplate */;
			projectDirPath = "";
			projectReferences = (
				{
					ProductGroup = 1AC6FAE6180E9839004C840B /* Products */;
					ProjectRef = 1AC6FAE5180E9839004C840B /* cocos2d_libs.xcodeproj */;
				},
			);
			projectRoot = "";
			targets = (
				1D6058900D05DD3D006BFB54 /* MatchingMaster */,
			);
		};
/* End PBXProject section */

/* Begin PBXReferenceProxy section */
		1AC6FB07180E9839004C840B /* libcocos2d iOS.a */ = {
			isa = PBXReferenceProxy;
			fileType = archive.ar;
			path = "libcocos2d iOS.a";
			remoteRef = 1AC6FB06180E9839004C840B /* PBXContainerItemProxy */;
			sourceTree = BUILT_PRODUCTS_DIR;
		};
/* End PBXReferenceProxy section */

/* Begin PBXResourcesBuildPhase section */
		1D60588D0D05DD3D006BFB54 /* Resources */ = {
			isa = PBXResourcesBuildPhase;
			buildActionMask = 2147483647;
			files = (
				BAB218361F192ABD0067DF4E /* progress_bar.png in Resources */,
				861FD7B62966C3B100469147 /* Images.xcassets in Resources */,
				BAB218411F192ABD0067DF4E /* noButton.png in Resources */,
				BAB2183D1F192ABD0067DF4E /* startButton.png in Resources */,
				BAB218331F192ABD0067DF4E /* refreshButton.png in Resources */,
				BAB218471F192ABD0067DF4E /* backPopUp.png in Resources */,
				BAB218431F192ABD0067DF4E /* nextLevelButton.png in Resources */,
				BAB218491F192ABD0067DF4E /* pausePopUp.png in Resources */,
				BAB2182F1F192ABD0067DF4E /* bgGameScene.png in Resources */,
				BAB218291F192ABD0067DF4E /* shapeBackground.png in Resources */,
				BAB218371F192ABD0067DF4E /* sprite_frame_cache.plist in Resources */,
				BAB218381F192ABD0067DF4E /* sprite_frame_cache.png in Resources */,
				521A8EA919F11F5000D177D7 /* fonts in Resources */,
				BAB218311F192ABD0067DF4E /* backButton.png in Resources */,
				BAB218341F192ABD0067DF4E /* suggestButton.png in Resources */,
				BAB218281F192ABD0067DF4E /* background_progress_bar.png in Resources */,
				BAB218451F192ABD0067DF4E /* replayButton.png in Resources */,
				BAB218421F192ABD0067DF4E /* gotoHomeButton.png in Resources */,
				BAB2182E1F192ABD0067DF4E /* badge.png in Resources */,
				3EACC98F19EE6D4300EB3C5E /* res in Resources */,
				BAB2184B1F192ABD0067DF4E /* winPopUp.png in Resources */,
				BAB218461F192ABD0067DF4E /* playButton.png in Resources */,
				BAB218321F192ABD0067DF4E /* pauseButton.png in Resources */,
				BAB218441F192ABD0067DF4E /* yesButton.png in Resources */,
				BAB218481F192ABD0067DF4E /* gameOverPopUp.png in Resources */,
			);
			runOnlyForDeploymentPostprocessing = 0;
		};
/* End PBXResourcesBuildPhase section */

/* Begin PBXSourcesBuildPhase section */
		1D60588E0D05DD3D006BFB54 /* Sources */ = {
			isa = PBXSourcesBuildPhase;
			buildActionMask = 2147483647;
			files = (
				BAB2187E1F192ACA0067DF4E /* MyLine.cpp in Sources */,
				BAB218761F192ACA0067DF4E /* AndroidScene.cpp in Sources */,
				46880B8819C43A87006E1F66 /* AppDelegate.cpp in Sources */,
				BAB218811F192ACA0067DF4E /* ProgressBarCustom.cpp in Sources */,
				BAB218771F192ACA0067DF4E /* BaseObject.cpp in Sources */,
				503AE10017EB989F00D1A890 /* AppController.mm in Sources */,
				BAB2187D1F192ACA0067DF4E /* HomeScene.cpp in Sources */,
				BAB218801F192ACA0067DF4E /* PopupGame.cpp in Sources */,
				BAB2187A1F192ACA0067DF4E /* DrawLine.cpp in Sources */,
				869E71E4296B51850058EAC3 /* RandomIndex.cpp in Sources */,
				861FD7B32966C33A00469147 /* AdmobManager.cpp in Sources */,
				BAB218741F192ACA0067DF4E /* CheckPairBot.cpp in Sources */,
				BAB218781F192ACA0067DF4E /* ButtonCustom.cpp in Sources */,
				BAB2187B1F192ACA0067DF4E /* GameBoard.cpp in Sources */,
				503AE10217EB989F00D1A890 /* RootViewController.mm in Sources */,
				BAB2187F1F192ACA0067DF4E /* MainObject.cpp in Sources */,
				BAB2187C1F192ACA0067DF4E /* GameScene.cpp in Sources */,
				503AE10117EB989F00D1A890 /* main.m in Sources */,
			);
			runOnlyForDeploymentPostprocessing = 0;
		};
/* End PBXSourcesBuildPhase section */

/* Begin PBXTargetDependency section */
		1AC6FB25180E99E1004C840B /* PBXTargetDependency */ = {
			isa = PBXTargetDependency;
			name = "cocos2dx iOS";
			targetProxy = 1AC6FB24180E99E1004C840B /* PBXContainerItemProxy */;
		};
/* End PBXTargetDependency section */

/* Begin XCBuildConfiguration section */
		1D6058940D05DD3E006BFB54 /* Debug */ = {
			isa = XCBuildConfiguration;
			buildSettings = {
				ALWAYS_SEARCH_USER_PATHS = YES;
				ASSETCATALOG_COMPILER_APPICON_NAME = AppIcon;
				ASSETCATALOG_COMPILER_INCLUDE_ALL_APPICON_ASSETS = YES;
				CLANG_ENABLE_OBJC_WEAK = YES;
				CODE_SIGN_IDENTITY = "iPhone Developer";
				COMPRESS_PNG_FILES = NO;
				CURRENT_PROJECT_VERSION = 1;
				DEVELOPMENT_TEAM = 6QDW32DV2Z;
				ENABLE_BITCODE = NO;
				EXCLUDED_ARCHS = arm64;
				GCC_DYNAMIC_NO_PIC = NO;
				GCC_INLINES_ARE_PRIVATE_EXTERN = NO;
				GCC_PRECOMPILE_PREFIX_HEADER = YES;
				GCC_PREFIX_HEADER = ios/Prefix.pch;
				GCC_PREPROCESSOR_DEFINITIONS = (
					USE_FILE32API,
					"COCOS2D_DEBUG=1",
					"CC_ENABLE_CHIPMUNK_INTEGRATION=1",
				);
				GCC_SYMBOLS_PRIVATE_EXTERN = NO;
				HEADER_SEARCH_PATHS = "$(inherited)";
				INFOPLIST_FILE = ios/Info.plist;
				INFOPLIST_KEY_CFBundleDisplayName = "Matching Master";
				INFOPLIST_KEY_LSApplicationCategoryType = "public.app-category.games";
				IPHONEOS_DEPLOYMENT_TARGET = 12.0;
				LIBRARY_SEARCH_PATHS = "";
				MARKETING_VERSION = 1.0;
				OTHER_LDFLAGS = "-ObjC";
				PRODUCT_BUNDLE_IDENTIFIER = com.boring.matchingmaster;
				PRODUCT_NAME = MatchingMaster;
				SDKROOT = iphoneos;
				STRIP_PNG_TEXT = NO;
				SUPPORTED_PLATFORMS = "iphoneos iphonesimulator";
				SUPPORTS_MACCATALYST = NO;
				SUPPORTS_MAC_DESIGNED_FOR_IPHONE_IPAD = NO;
				TARGETED_DEVICE_FAMILY = 1;
				USER_HEADER_SEARCH_PATHS = (
					"$(_COCOS_HEADER_IOS_BEGIN)",
					"$(_COCOS_HEADER_IOS_END)",
				);
				VALID_ARCHS = "arm64 armv7 x86_64";
			};
			name = Debug;
		};
		1D6058950D05DD3E006BFB54 /* Release */ = {
			isa = XCBuildConfiguration;
			buildSettings = {
				ALWAYS_SEARCH_USER_PATHS = YES;
				ASSETCATALOG_COMPILER_APPICON_NAME = AppIcon;
				ASSETCATALOG_COMPILER_INCLUDE_ALL_APPICON_ASSETS = YES;
				CLANG_ENABLE_OBJC_WEAK = YES;
				CODE_SIGN_IDENTITY = "iPhone Developer";
				COMPRESS_PNG_FILES = NO;
				CURRENT_PROJECT_VERSION = 1;
				DEVELOPMENT_TEAM = 6QDW32DV2Z;
				ENABLE_BITCODE = NO;
				EXCLUDED_ARCHS = arm64;
				GCC_INLINES_ARE_PRIVATE_EXTERN = NO;
				GCC_PRECOMPILE_PREFIX_HEADER = YES;
				GCC_PREFIX_HEADER = ios/Prefix.pch;
				GCC_PREPROCESSOR_DEFINITIONS = (
					USE_FILE32API,
					"CC_ENABLE_CHIPMUNK_INTEGRATION=1",
					NDEBUG,
				);
				GCC_SYMBOLS_PRIVATE_EXTERN = NO;
				HEADER_SEARCH_PATHS = "$(inherited)";
				INFOPLIST_FILE = ios/Info.plist;
				INFOPLIST_KEY_CFBundleDisplayName = "Matching Master";
				INFOPLIST_KEY_LSApplicationCategoryType = "public.app-category.games";
				IPHONEOS_DEPLOYMENT_TARGET = 12.0;
				LIBRARY_SEARCH_PATHS = "";
				MARKETING_VERSION = 1.0;
				ONLY_ACTIVE_ARCH = YES;
				OTHER_LDFLAGS = "-ObjC";
				PRODUCT_BUNDLE_IDENTIFIER = com.boring.matchingmaster;
				PRODUCT_NAME = MatchingMaster;
				SDKROOT = iphoneos;
				STRIP_PNG_TEXT = NO;
				SUPPORTED_PLATFORMS = "iphoneos iphonesimulator";
				SUPPORTS_MACCATALYST = NO;
				SUPPORTS_MAC_DESIGNED_FOR_IPHONE_IPAD = NO;
				TARGETED_DEVICE_FAMILY = 1;
				USER_HEADER_SEARCH_PATHS = (
					"$(_COCOS_HEADER_IOS_BEGIN)",
					"$(_COCOS_HEADER_IOS_END)",
				);
				VALID_ARCHS = "arm64 armv7 x86_64";
			};
			name = Release;
		};
		C01FCF4F08A954540054247B /* Debug */ = {
			isa = XCBuildConfiguration;
			buildSettings = {
				CLANG_ANALYZER_LOCALIZABILITY_NONLOCALIZED = YES;
				CLANG_CXX_LANGUAGE_STANDARD = "c++0x";
				CLANG_CXX_LIBRARY = "libc++";
				CLANG_WARN_BLOCK_CAPTURE_AUTORELEASING = YES;
				CLANG_WARN_BOOL_CONVERSION = YES;
				CLANG_WARN_COMMA = YES;
				CLANG_WARN_CONSTANT_CONVERSION = YES;
				CLANG_WARN_DEPRECATED_OBJC_IMPLEMENTATIONS = YES;
				CLANG_WARN_EMPTY_BODY = YES;
				CLANG_WARN_ENUM_CONVERSION = YES;
				CLANG_WARN_INFINITE_RECURSION = YES;
				CLANG_WARN_INT_CONVERSION = YES;
				CLANG_WARN_NON_LITERAL_NULL_CONVERSION = YES;
				CLANG_WARN_OBJC_IMPLICIT_RETAIN_SELF = YES;
				CLANG_WARN_OBJC_LITERAL_CONVERSION = YES;
				CLANG_WARN_QUOTED_INCLUDE_IN_FRAMEWORK_HEADER = YES;
				CLANG_WARN_RANGE_LOOP_ANALYSIS = YES;
				CLANG_WARN_STRICT_PROTOTYPES = YES;
				CLANG_WARN_SUSPICIOUS_MOVE = YES;
				CLANG_WARN_UNREACHABLE_CODE = YES;
				CLANG_WARN__DUPLICATE_METHOD_MATCH = YES;
				COPY_PHASE_STRIP = NO;
				DEAD_CODE_STRIPPING = YES;
				ENABLE_STRICT_OBJC_MSGSEND = YES;
				ENABLE_TESTABILITY = YES;
				GCC_NO_COMMON_BLOCKS = YES;
				GCC_OPTIMIZATION_LEVEL = 0;
				GCC_WARN_64_TO_32_BIT_CONVERSION = YES;
				GCC_WARN_ABOUT_RETURN_TYPE = YES;
				GCC_WARN_UNDECLARED_SELECTOR = YES;
				GCC_WARN_UNINITIALIZED_AUTOS = YES;
				GCC_WARN_UNUSED_FUNCTION = YES;
				GCC_WARN_UNUSED_VARIABLE = YES;
				HEADER_SEARCH_PATHS = (
					"$(SRCROOT)/../cocos2d",
					"$(SRCROOT)/../cocos2d/cocos/audio/include",
					"$(SRCROOT)/../cocos2d/cocos",
					"$(SRCROOT)/../cocos2d/extensions",
					"$(SRCROOT)/../cocos2d/external",
					"$(SRCROOT)/../cocos2d/external/chipmunk/include/chipmunk",
					"$(SRCROOT)/../cocos2d/cocos/editor-support",
				);
				IPHONEOS_DEPLOYMENT_TARGET = 16.0;
				MACOSX_DEPLOYMENT_TARGET = 10.7;
				ONLY_ACTIVE_ARCH = YES;
				PRODUCT_NAME = "$(TARGET_NAME)";
				SDKROOT = macosx;
			};
			name = Debug;
		};
		C01FCF5008A954540054247B /* Release */ = {
			isa = XCBuildConfiguration;
			buildSettings = {
				CLANG_ANALYZER_LOCALIZABILITY_NONLOCALIZED = YES;
				CLANG_CXX_LANGUAGE_STANDARD = "c++0x";
				CLANG_CXX_LIBRARY = "libc++";
				CLANG_WARN_BLOCK_CAPTURE_AUTORELEASING = YES;
				CLANG_WARN_BOOL_CONVERSION = YES;
				CLANG_WARN_COMMA = YES;
				CLANG_WARN_CONSTANT_CONVERSION = YES;
				CLANG_WARN_DEPRECATED_OBJC_IMPLEMENTATIONS = YES;
				CLANG_WARN_EMPTY_BODY = YES;
				CLANG_WARN_ENUM_CONVERSION = YES;
				CLANG_WARN_INFINITE_RECURSION = YES;
				CLANG_WARN_INT_CONVERSION = YES;
				CLANG_WARN_NON_LITERAL_NULL_CONVERSION = YES;
				CLANG_WARN_OBJC_IMPLICIT_RETAIN_SELF = YES;
				CLANG_WARN_OBJC_LITERAL_CONVERSION = YES;
				CLANG_WARN_QUOTED_INCLUDE_IN_FRAMEWORK_HEADER = YES;
				CLANG_WARN_RANGE_LOOP_ANALYSIS = YES;
				CLANG_WARN_STRICT_PROTOTYPES = YES;
				CLANG_WARN_SUSPICIOUS_MOVE = YES;
				CLANG_WARN_UNREACHABLE_CODE = YES;
				CLANG_WARN__DUPLICATE_METHOD_MATCH = YES;
				DEAD_CODE_STRIPPING = YES;
				ENABLE_STRICT_OBJC_MSGSEND = YES;
				GCC_NO_COMMON_BLOCKS = YES;
				GCC_WARN_64_TO_32_BIT_CONVERSION = YES;
				GCC_WARN_ABOUT_RETURN_TYPE = YES;
				GCC_WARN_UNDECLARED_SELECTOR = YES;
				GCC_WARN_UNINITIALIZED_AUTOS = YES;
				GCC_WARN_UNUSED_FUNCTION = YES;
				GCC_WARN_UNUSED_VARIABLE = YES;
				HEADER_SEARCH_PATHS = (
					"$(SRCROOT)/../cocos2d",
					"$(SRCROOT)/../cocos2d/cocos/audio/include",
					"$(SRCROOT)/../cocos2d/cocos",
					"$(SRCROOT)/../cocos2d/extensions",
					"$(SRCROOT)/../cocos2d/external",
					"$(SRCROOT)/../cocos2d/external/chipmunk/include/chipmunk",
					"$(SRCROOT)/../cocos2d/cocos/editor-support",
				);
				IPHONEOS_DEPLOYMENT_TARGET = 16.0;
				MACOSX_DEPLOYMENT_TARGET = 10.7;
				OTHER_CFLAGS = "-DNS_BLOCK_ASSERTIONS=1";
				PRODUCT_NAME = "$(TARGET_NAME)";
				SDKROOT = macosx;
				VALIDATE_PRODUCT = YES;
			};
			name = Release;
		};
/* End XCBuildConfiguration section */

/* Begin XCConfigurationList section */
		1D6058960D05DD3E006BFB54 /* Build configuration list for PBXNativeTarget "MatchingMaster" */ = {
			isa = XCConfigurationList;
			buildConfigurations = (
				1D6058940D05DD3E006BFB54 /* Debug */,
				1D6058950D05DD3E006BFB54 /* Release */,
			);
			defaultConfigurationIsVisible = 0;
			defaultConfigurationName = Debug;
		};
		C01FCF4E08A954540054247B /* Build configuration list for PBXProject "MatchingMaster" */ = {
			isa = XCConfigurationList;
			buildConfigurations = (
				C01FCF4F08A954540054247B /* Debug */,
				C01FCF5008A954540054247B /* Release */,
			);
			defaultConfigurationIsVisible = 0;
			defaultConfigurationName = Debug;
		};
/* End XCConfigurationList section */
	};
	rootObject = 29B97313FDCFA39411CA2CEA /* Project object */;
}
